
Microsoft Visual Studio Solution File, Format Version 12.00
# Visual Studio 15
VisualStudioVersion = 15.0.28010.2036
MinimumVisualStudioVersion = 10.0.40219.1
Project("{FAE04EC0-301F-11D3-BF4B-00C04F79EFBC}") = "TittyPong", "TittyPong\TittyPong.csproj", "{111D2670-17DA-44BB-AD7F-61909BC9432E}"
EndProject
Global
	GlobalSection(SolutionConfigurationPlatforms) = preSolution
		Debug|x86 = Debug|x86
		Release|x86 = Release|x86
	EndGlobalSection
	GlobalSection(ProjectConfigurationPlatforms) = postSolution
		{111D2670-17DA-44BB-AD7F-61909BC9432E}.Debug|x86.ActiveCfg = Debug|x86
		{111D2670-17DA-44BB-AD7F-61909BC9432E}.Debug|x86.Build.0 = Debug|x86
		{111D2670-17DA-44BB-AD7F-61909BC9432E}.Release|x86.ActiveCfg = Release|x86
		{111D2670-17DA-44BB-AD7F-61909BC9432E}.Release|x86.Build.0 = Release|x86
	EndGlobalSection
	GlobalSection(SolutionProperties) = preSolution
		HideSolutionNode = FALSE
	EndGlobalSection
	GlobalSection(ExtensibilityGlobals) = postSolution
		SolutionGuid = {11B00FDD-B0D4-42FA-A55B-833A53DDFC37}
	EndGlobalSection
EndGlobal
